// !$*UTF8*$!
{
	archiveVersion = 1;
	classes = {
	};
	objectVersion = 46;
	objects = {

/* Begin PBXBuildFile section */
		28678B081EC38A870030376D /* SQLite.framework in Frameworks */ = {isa = PBXBuildFile; fileRef = 28678AFB1EC38A7E0030376D /* SQLite.framework */; };
		28678B091EC38A8B0030376D /* SQLite.framework in Frameworks */ = {isa = PBXBuildFile; fileRef = 28678AFB1EC38A7E0030376D /* SQLite.framework */; };
		28678B0A1EC38A8B0030376D /* SQLite.framework in Embed Frameworks */ = {isa = PBXBuildFile; fileRef = 28678AFB1EC38A7E0030376D /* SQLite.framework */; settings = {ATTRIBUTES = (CodeSignOnCopy, RemoveHeadersOnCopy, ); }; };
		28678B0F1EC38B030030376D /* Database.swift in Sources */ = {isa = PBXBuildFile; fileRef = 28678B0E1EC38B030030376D /* Database.swift */; };
		28736D7F1EC4FDE50046AB80 /* TodoViewController.swift in Sources */ = {isa = PBXBuildFile; fileRef = 28736D7E1EC4FDE50046AB80 /* TodoViewController.swift */; };
		28736D811EC4FECD0046AB80 /* TodoTableViewCell.swift in Sources */ = {isa = PBXBuildFile; fileRef = 28736D801EC4FECD0046AB80 /* TodoTableViewCell.swift */; };
		28C2D2BF1EC38379002629EC /* ListTableViewCell.swift in Sources */ = {isa = PBXBuildFile; fileRef = 28C2D2BE1EC38379002629EC /* ListTableViewCell.swift */; };
		28CB165C1EC2F6670066A0D9 /* AppDelegate.swift in Sources */ = {isa = PBXBuildFile; fileRef = 28CB165B1EC2F6670066A0D9 /* AppDelegate.swift */; };
		28CB165E1EC2F6670066A0D9 /* ListViewController.swift in Sources */ = {isa = PBXBuildFile; fileRef = 28CB165D1EC2F6670066A0D9 /* ListViewController.swift */; };
		28CB16611EC2F6670066A0D9 /* Main.storyboard in Resources */ = {isa = PBXBuildFile; fileRef = 28CB165F1EC2F6670066A0D9 /* Main.storyboard */; };
		28CB16631EC2F6670066A0D9 /* Assets.xcassets in Resources */ = {isa = PBXBuildFile; fileRef = 28CB16621EC2F6670066A0D9 /* Assets.xcassets */; };
		28CB16661EC2F6670066A0D9 /* LaunchScreen.storyboard in Resources */ = {isa = PBXBuildFile; fileRef = 28CB16641EC2F6670066A0D9 /* LaunchScreen.storyboard */; };
		28CBDDB91EC4852B0036DF84 /* ListAddViewController.swift in Sources */ = {isa = PBXBuildFile; fileRef = 28CBDDB81EC4852B0036DF84 /* ListAddViewController.swift */; };
/* End PBXBuildFile section */

/* Begin PBXContainerItemProxy section */
		28678AFA1EC38A7E0030376D /* PBXContainerItemProxy */ = {
			isa = PBXContainerItemProxy;
			containerPortal = 28678AF01EC38A7E0030376D /* SQLite.xcodeproj */;
			proxyType = 2;
			remoteGlobalIDString = EE247AD31C3F04ED00AE3E12;
			remoteInfo = "SQLite iOS";
		};
		28678AFC1EC38A7E0030376D /* PBXContainerItemProxy */ = {
			isa = PBXContainerItemProxy;
			containerPortal = 28678AF01EC38A7E0030376D /* SQLite.xcodeproj */;
			proxyType = 2;
			remoteGlobalIDString = EE247ADD1C3F04ED00AE3E12;
			remoteInfo = "SQLiteTests iOS";
		};
		28678AFE1EC38A7E0030376D /* PBXContainerItemProxy */ = {
			isa = PBXContainerItemProxy;
			containerPortal = 28678AF01EC38A7E0030376D /* SQLite.xcodeproj */;
			proxyType = 2;
			remoteGlobalIDString = EE247B3C1C3F3ED000AE3E12;
			remoteInfo = "SQLite Mac";
		};
		28678B001EC38A7E0030376D /* PBXContainerItemProxy */ = {
			isa = PBXContainerItemProxy;
			containerPortal = 28678AF01EC38A7E0030376D /* SQLite.xcodeproj */;
			proxyType = 2;
			remoteGlobalIDString = EE247B451C3F3ED000AE3E12;
			remoteInfo = "SQLiteTests Mac";
		};
		28678B021EC38A7E0030376D /* PBXContainerItemProxy */ = {
			isa = PBXContainerItemProxy;
			containerPortal = 28678AF01EC38A7E0030376D /* SQLite.xcodeproj */;
			proxyType = 2;
			remoteGlobalIDString = 03A65E5A1C6BB0F50062603F;
			remoteInfo = "SQLite tvOS";
		};
		28678B041EC38A7E0030376D /* PBXContainerItemProxy */ = {
			isa = PBXContainerItemProxy;
			containerPortal = 28678AF01EC38A7E0030376D /* SQLite.xcodeproj */;
			proxyType = 2;
			remoteGlobalIDString = 03A65E631C6BB0F60062603F;
			remoteInfo = "SQLiteTests tvOS";
		};
		28678B061EC38A7E0030376D /* PBXContainerItemProxy */ = {
			isa = PBXContainerItemProxy;
			containerPortal = 28678AF01EC38A7E0030376D /* SQLite.xcodeproj */;
			proxyType = 2;
			remoteGlobalIDString = A121AC451CA35C79005A31D1;
			remoteInfo = "SQLite watchOS";
		};
		28678B0B1EC38A8B0030376D /* PBXContainerItemProxy */ = {
			isa = PBXContainerItemProxy;
			containerPortal = 28678AF01EC38A7E0030376D /* SQLite.xcodeproj */;
			proxyType = 1;
			remoteGlobalIDString = EE247AD21C3F04ED00AE3E12;
			remoteInfo = "SQLite iOS";
		};
/* End PBXContainerItemProxy section */

/* Begin PBXCopyFilesBuildPhase section */
		28678B0D1EC38A8B0030376D /* Embed Frameworks */ = {
			isa = PBXCopyFilesBuildPhase;
			buildActionMask = 2147483647;
			dstPath = "";
			dstSubfolderSpec = 10;
			files = (
				28678B0A1EC38A8B0030376D /* SQLite.framework in Embed Frameworks */,
			);
			name = "Embed Frameworks";
			runOnlyForDeploymentPostprocessing = 0;
		};
/* End PBXCopyFilesBuildPhase section */

/* Begin PBXFileReference section */
		28678AF01EC38A7E0030376D /* SQLite.xcodeproj */ = {isa = PBXFileReference; lastKnownFileType = "wrapper.pb-project"; name = SQLite.xcodeproj; path = "manyLists pset05/External/SQLite.xcodeproj"; sourceTree = "<group>"; };
		28678B0E1EC38B030030376D /* Database.swift */ = {isa = PBXFileReference; fileEncoding = 4; lastKnownFileType = sourcecode.swift; path = Database.swift; sourceTree = "<group>"; };
		28736D7E1EC4FDE50046AB80 /* TodoViewController.swift */ = {isa = PBXFileReference; fileEncoding = 4; lastKnownFileType = sourcecode.swift; path = TodoViewController.swift; sourceTree = "<group>"; };
		28736D801EC4FECD0046AB80 /* TodoTableViewCell.swift */ = {isa = PBXFileReference; fileEncoding = 4; lastKnownFileType = sourcecode.swift; path = TodoTableViewCell.swift; sourceTree = "<group>"; };
		28C2D2BE1EC38379002629EC /* ListTableViewCell.swift */ = {isa = PBXFileReference; fileEncoding = 4; lastKnownFileType = sourcecode.swift; path = ListTableViewCell.swift; sourceTree = "<group>"; };
		28CB16581EC2F6670066A0D9 /* manyLists pset05.app */ = {isa = PBXFileReference; explicitFileType = wrapper.application; includeInIndex = 0; path = "manyLists pset05.app"; sourceTree = BUILT_PRODUCTS_DIR; };
		28CB165B1EC2F6670066A0D9 /* AppDelegate.swift */ = {isa = PBXFileReference; lastKnownFileType = sourcecode.swift; path = AppDelegate.swift; sourceTree = "<group>"; };
		28CB165D1EC2F6670066A0D9 /* ListViewController.swift */ = {isa = PBXFileReference; lastKnownFileType = sourcecode.swift; path = ListViewController.swift; sourceTree = "<group>"; };
		28CB16601EC2F6670066A0D9 /* Base */ = {isa = PBXFileReference; lastKnownFileType = file.storyboard; name = Base; path = Base.lproj/Main.storyboard; sourceTree = "<group>"; };
		28CB16621EC2F6670066A0D9 /* Assets.xcassets */ = {isa = PBXFileReference; lastKnownFileType = folder.assetcatalog; path = Assets.xcassets; sourceTree = "<group>"; };
		28CB16651EC2F6670066A0D9 /* Base */ = {isa = PBXFileReference; lastKnownFileType = file.storyboard; name = Base; path = Base.lproj/LaunchScreen.storyboard; sourceTree = "<group>"; };
		28CB16671EC2F6670066A0D9 /* Info.plist */ = {isa = PBXFileReference; lastKnownFileType = text.plist.xml; path = Info.plist; sourceTree = "<group>"; };
		28CBDDB81EC4852B0036DF84 /* ListAddViewController.swift */ = {isa = PBXFileReference; fileEncoding = 4; lastKnownFileType = sourcecode.swift; path = ListAddViewController.swift; sourceTree = "<group>"; };
/* End PBXFileReference section */

/* Begin PBXFrameworksBuildPhase section */
		28CB16551EC2F6670066A0D9 /* Frameworks */ = {
			isa = PBXFrameworksBuildPhase;
			buildActionMask = 2147483647;
			files = (
				28678B091EC38A8B0030376D /* SQLite.framework in Frameworks */,
				28678B081EC38A870030376D /* SQLite.framework in Frameworks */,
			);
			runOnlyForDeploymentPostprocessing = 0;
		};
/* End PBXFrameworksBuildPhase section */

/* Begin PBXGroup section */
		28678AF11EC38A7E0030376D /* Products */ = {
			isa = PBXGroup;
			children = (
				28678AFB1EC38A7E0030376D /* SQLite.framework */,
				28678AFD1EC38A7E0030376D /* SQLiteTests iOS.xctest */,
				28678AFF1EC38A7E0030376D /* SQLite.framework */,
				28678B011EC38A7E0030376D /* SQLiteTests Mac.xctest */,
				28678B031EC38A7E0030376D /* SQLite.framework */,
				28678B051EC38A7E0030376D /* SQLiteTests tvOS.xctest */,
				28678B071EC38A7E0030376D /* SQLite.framework */,
			);
			name = Products;
			sourceTree = "<group>";
		};
		28CB164F1EC2F6670066A0D9 = {
			isa = PBXGroup;
			children = (
				28678AF01EC38A7E0030376D /* SQLite.xcodeproj */,
				28CB165A1EC2F6670066A0D9 /* manyLists pset05 */,
				28CB16591EC2F6670066A0D9 /* Products */,
			);
			sourceTree = "<group>";
		};
		28CB16591EC2F6670066A0D9 /* Products */ = {
			isa = PBXGroup;
			children = (
				28CB16581EC2F6670066A0D9 /* manyLists pset05.app */,
			);
			name = Products;
			sourceTree = "<group>";
		};
		28CB165A1EC2F6670066A0D9 /* manyLists pset05 */ = {
			isa = PBXGroup;
			children = (
				28CB165B1EC2F6670066A0D9 /* AppDelegate.swift */,
				28CB16701EC2FE010066A0D9 /* ViewControllers */,
				28C2D2BE1EC38379002629EC /* ListTableViewCell.swift */,
				28736D801EC4FECD0046AB80 /* TodoTableViewCell.swift */,
				28CB165F1EC2F6670066A0D9 /* Main.storyboard */,
				28CB16621EC2F6670066A0D9 /* Assets.xcassets */,
				28CB16641EC2F6670066A0D9 /* LaunchScreen.storyboard */,
				28CB16671EC2F6670066A0D9 /* Info.plist */,
				28678B0E1EC38B030030376D /* Database.swift */,
			);
			path = "manyLists pset05";
			sourceTree = "<group>";
		};
		28CB16701EC2FE010066A0D9 /* ViewControllers */ = {
			isa = PBXGroup;
			children = (
				28CB165D1EC2F6670066A0D9 /* ListViewController.swift */,
				28CBDDB81EC4852B0036DF84 /* ListAddViewController.swift */,
				28736D7E1EC4FDE50046AB80 /* TodoViewController.swift */,
			);
			name = ViewControllers;
			sourceTree = "<group>";
		};
/* End PBXGroup section */

/* Begin PBXNativeTarget section */
		28CB16571EC2F6670066A0D9 /* manyLists pset05 */ = {
			isa = PBXNativeTarget;
			buildConfigurationList = 28CB166A1EC2F6670066A0D9 /* Build configuration list for PBXNativeTarget "manyLists pset05" */;
			buildPhases = (
				28CB16541EC2F6670066A0D9 /* Sources */,
				28CB16551EC2F6670066A0D9 /* Frameworks */,
				28CB16561EC2F6670066A0D9 /* Resources */,
				28678B0D1EC38A8B0030376D /* Embed Frameworks */,
			);
			buildRules = (
			);
			dependencies = (
				28678B0C1EC38A8B0030376D /* PBXTargetDependency */,
			);
			name = "manyLists pset05";
			productName = "manyLists pset05";
			productReference = 28CB16581EC2F6670066A0D9 /* manyLists pset05.app */;
			productType = "com.apple.product-type.application";
		};
/* End PBXNativeTarget section */

/* Begin PBXProject section */
		28CB16501EC2F6670066A0D9 /* Project object */ = {
			isa = PBXProject;
			attributes = {
				LastSwiftUpdateCheck = 0830;
				LastUpgradeCheck = 0830;
				ORGANIZATIONNAME = "M.a.j©";
				TargetAttributes = {
					28CB16571EC2F6670066A0D9 = {
						CreatedOnToolsVersion = 8.3.2;
						DevelopmentTeam = 5QYLX323BC;
						ProvisioningStyle = Automatic;
					};
				};
			};
			buildConfigurationList = 28CB16531EC2F6670066A0D9 /* Build configuration list for PBXProject "manyLists pset05" */;
			compatibilityVersion = "Xcode 3.2";
			developmentRegion = English;
			hasScannedForEncodings = 0;
			knownRegions = (
				en,
				Base,
			);
			mainGroup = 28CB164F1EC2F6670066A0D9;
			productRefGroup = 28CB16591EC2F6670066A0D9 /* Products */;
			projectDirPath = "";
			projectReferences = (
				{
					ProductGroup = 28678AF11EC38A7E0030376D /* Products */;
					ProjectRef = 28678AF01EC38A7E0030376D /* SQLite.xcodeproj */;
				},
			);
			projectRoot = "";
			targets = (
				28CB16571EC2F6670066A0D9 /* manyLists pset05 */,
			);
		};
/* End PBXProject section */

/* Begin PBXReferenceProxy section */
		28678AFB1EC38A7E0030376D /* SQLite.framework */ = {
			isa = PBXReferenceProxy;
			fileType = wrapper.framework;
			path = SQLite.framework;
			remoteRef = 28678AFA1EC38A7E0030376D /* PBXContainerItemProxy */;
			sourceTree = BUILT_PRODUCTS_DIR;
		};
		28678AFD1EC38A7E0030376D /* SQLiteTests iOS.xctest */ = {
			isa = PBXReferenceProxy;
			fileType = wrapper.cfbundle;
			path = "SQLiteTests iOS.xctest";
			remoteRef = 28678AFC1EC38A7E0030376D /* PBXContainerItemProxy */;
			sourceTree = BUILT_PRODUCTS_DIR;
		};
		28678AFF1EC38A7E0030376D /* SQLite.framework */ = {
			isa = PBXReferenceProxy;
			fileType = wrapper.framework;
			path = SQLite.framework;
			remoteRef = 28678AFE1EC38A7E0030376D /* PBXContainerItemProxy */;
			sourceTree = BUILT_PRODUCTS_DIR;
		};
		28678B011EC38A7E0030376D /* SQLiteTests Mac.xctest */ = {
			isa = PBXReferenceProxy;
			fileType = wrapper.cfbundle;
			path = "SQLiteTests Mac.xctest";
			remoteRef = 28678B001EC38A7E0030376D /* PBXContainerItemProxy */;
			sourceTree = BUILT_PRODUCTS_DIR;
		};
		28678B031EC38A7E0030376D /* SQLite.framework */ = {
			isa = PBXReferenceProxy;
			fileType = wrapper.framework;
			path = SQLite.framework;
			remoteRef = 28678B021EC38A7E0030376D /* PBXContainerItemProxy */;
			sourceTree = BUILT_PRODUCTS_DIR;
		};
		28678B051EC38A7E0030376D /* SQLiteTests tvOS.xctest */ = {
			isa = PBXReferenceProxy;
			fileType = wrapper.cfbundle;
			path = "SQLiteTests tvOS.xctest";
			remoteRef = 28678B041EC38A7E0030376D /* PBXContainerItemProxy */;
			sourceTree = BUILT_PRODUCTS_DIR;
		};
		28678B071EC38A7E0030376D /* SQLite.framework */ = {
			isa = PBXReferenceProxy;
			fileType = wrapper.framework;
			path = SQLite.framework;
			remoteRef = 28678B061EC38A7E0030376D /* PBXContainerItemProxy */;
			sourceTree = BUILT_PRODUCTS_DIR;
		};
/* End PBXReferenceProxy section */

/* Begin PBXResourcesBuildPhase section */
		28CB16561EC2F6670066A0D9 /* Resources */ = {
			isa = PBXResourcesBuildPhase;
			buildActionMask = 2147483647;
			files = (
				28CB16661EC2F6670066A0D9 /* LaunchScreen.storyboard in Resources */,
				28CB16631EC2F6670066A0D9 /* Assets.xcassets in Resources */,
				28CB16611EC2F6670066A0D9 /* Main.storyboard in Resources */,
			);
			runOnlyForDeploymentPostprocessing = 0;
		};
/* End PBXResourcesBuildPhase section */

/* Begin PBXSourcesBuildPhase section */
		28CB16541EC2F6670066A0D9 /* Sources */ = {
			isa = PBXSourcesBuildPhase;
			buildActionMask = 2147483647;
			files = (
				28736D811EC4FECD0046AB80 /* TodoTableViewCell.swift in Sources */,
				28CB165E1EC2F6670066A0D9 /* ListViewController.swift in Sources */,
				28CB165C1EC2F6670066A0D9 /* AppDelegate.swift in Sources */,
				28CBDDB91EC4852B0036DF84 /* ListAddViewController.swift in Sources */,
				28678B0F1EC38B030030376D /* Database.swift in Sources */,
				28736D7F1EC4FDE50046AB80 /* TodoViewController.swift in Sources */,
				28C2D2BF1EC38379002629EC /* ListTableViewCell.swift in Sources */,
			);
			runOnlyForDeploymentPostprocessing = 0;
		};
/* End PBXSourcesBuildPhase section */

/* Begin PBXTargetDependency section */
		28678B0C1EC38A8B0030376D /* PBXTargetDependency */ = {
			isa = PBXTargetDependency;
			name = "SQLite iOS";
			targetProxy = 28678B0B1EC38A8B0030376D /* PBXContainerItemProxy */;
		};
/* End PBXTargetDependency section */

/* Begin PBXVariantGroup section */
		28CB165F1EC2F6670066A0D9 /* Main.storyboard */ = {
			isa = PBXVariantGroup;
			children = (
				28CB16601EC2F6670066A0D9 /* Base */,
			);
			name = Main.storyboard;
			sourceTree = "<group>";
		};
		28CB16641EC2F6670066A0D9 /* LaunchScreen.storyboard */ = {
			isa = PBXVariantGroup;
			children = (
				28CB16651EC2F6670066A0D9 /* Base */,
			);
			name = LaunchScreen.storyboard;
			sourceTree = "<group>";
		};
/* End PBXVariantGroup section */

/* Begin XCBuildConfiguration section */
		28CB16681EC2F6670066A0D9 /* Debug */ = {
			isa = XCBuildConfiguration;
			buildSettings = {
				ALWAYS_SEARCH_USER_PATHS = NO;
				CLANG_ANALYZER_NONNULL = YES;
				CLANG_ANALYZER_NUMBER_OBJECT_CONVERSION = YES_AGGRESSIVE;
				CLANG_CXX_LANGUAGE_STANDARD = "gnu++0x";
				CLANG_CXX_LIBRARY = "libc++";
				CLANG_ENABLE_MODULES = YES;
				CLANG_ENABLE_OBJC_ARC = YES;
				CLANG_WARN_BOOL_CONVERSION = YES;
				CLANG_WARN_CONSTANT_CONVERSION = YES;
				CLANG_WARN_DIRECT_OBJC_ISA_USAGE = YES_ERROR;
				CLANG_WARN_DOCUMENTATION_COMMENTS = YES;
				CLANG_WARN_EMPTY_BODY = YES;
				CLANG_WARN_ENUM_CONVERSION = YES;
				CLANG_WARN_INFINITE_RECURSION = YES;
				CLANG_WARN_INT_CONVERSION = YES;
				CLANG_WARN_OBJC_ROOT_CLASS = YES_ERROR;
				CLANG_WARN_SUSPICIOUS_MOVE = YES;
				CLANG_WARN_UNREACHABLE_CODE = YES;
				CLANG_WARN__DUPLICATE_METHOD_MATCH = YES;
				"CODE_SIGN_IDENTITY[sdk=iphoneos*]" = "iPhone Developer";
				COPY_PHASE_STRIP = NO;
				DEBUG_INFORMATION_FORMAT = dwarf;
				ENABLE_STRICT_OBJC_MSGSEND = YES;
				ENABLE_TESTABILITY = YES;
				GCC_C_LANGUAGE_STANDARD = gnu99;
				GCC_DYNAMIC_NO_PIC = NO;
				GCC_NO_COMMON_BLOCKS = YES;
				GCC_OPTIMIZATION_LEVEL = 0;
				GCC_PREPROCESSOR_DEFINITIONS = (
					"DEBUG=1",
					"$(inherited)",
				);
				GCC_WARN_64_TO_32_BIT_CONVERSION = YES;
				GCC_WARN_ABOUT_RETURN_TYPE = YES_ERROR;
				GCC_WARN_UNDECLARED_SELECTOR = YES;
				GCC_WARN_UNINITIALIZED_AUTOS = YES_AGGRESSIVE;
				GCC_WARN_UNUSED_FUNCTION = YES;
				GCC_WARN_UNUSED_VARIABLE = YES;
				IPHONEOS_DEPLOYMENT_TARGET = 10.3;
				MTL_ENABLE_DEBUG_INFO = YES;
				ONLY_ACTIVE_ARCH = YES;
				SDKROOT = iphoneos;
				SWIFT_ACTIVE_COMPILATION_CONDITIONS = DEBUG;
				SWIFT_OPTIMIZATION_LEVEL = "-Onone";
				TARGETED_DEVICE_FAMILY = "1,2";
			};
			name = Debug;
		};
		28CB16691EC2F6670066A0D9 /* Release */ = {
			isa = XCBuildConfiguration;
			buildSettings = {
				ALWAYS_SEARCH_USER_PATHS = NO;
				CLANG_ANALYZER_NONNULL = YES;
				CLANG_ANALYZER_NUMBER_OBJECT_CONVERSION = YES_AGGRESSIVE;
				CLANG_CXX_LANGUAGE_STANDARD = "gnu++0x";
				CLANG_CXX_LIBRARY = "libc++";
				CLANG_ENABLE_MODULES = YES;
				CLANG_ENABLE_OBJC_ARC = YES;
				CLANG_WARN_BOOL_CONVERSION = YES;
				CLANG_WARN_CONSTANT_CONVERSION = YES;
				CLANG_WARN_DIRECT_OBJC_ISA_USAGE = YES_ERROR;
				CLANG_WARN_DOCUMENTATION_COMMENTS = YES;
				CLANG_WARN_EMPTY_BODY = YES;
				CLANG_WARN_ENUM_CONVERSION = YES;
				CLANG_WARN_INFINITE_RECURSION = YES;
				CLANG_WARN_INT_CONVERSION = YES;
				CLANG_WARN_OBJC_ROOT_CLASS = YES_ERROR;
				CLANG_WARN_SUSPICIOUS_MOVE = YES;
				CLANG_WARN_UNREACHABLE_CODE = YES;
				CLANG_WARN__DUPLICATE_METHOD_MATCH = YES;
				"CODE_SIGN_IDENTITY[sdk=iphoneos*]" = "iPhone Developer";
				COPY_PHASE_STRIP = NO;
				DEBUG_INFORMATION_FORMAT = "dwarf-with-dsym";
				ENABLE_NS_ASSERTIONS = NO;
				ENABLE_STRICT_OBJC_MSGSEND = YES;
				GCC_C_LANGUAGE_STANDARD = gnu99;
				GCC_NO_COMMON_BLOCKS = YES;
				GCC_WARN_64_TO_32_BIT_CONVERSION = YES;
				GCC_WARN_ABOUT_RETURN_TYPE = YES_ERROR;
				GCC_WARN_UNDECLARED_SELECTOR = YES;
				GCC_WARN_UNINITIALIZED_AUTOS = YES_AGGRESSIVE;
				GCC_WARN_UNUSED_FUNCTION = YES;
				GCC_WARN_UNUSED_VARIABLE = YES;
				IPHONEOS_DEPLOYMENT_TARGET = 10.3;
				MTL_ENABLE_DEBUG_INFO = NO;
				SDKROOT = iphoneos;
				SWIFT_OPTIMIZATION_LEVEL = "-Owholemodule";
				TARGETED_DEVICE_FAMILY = "1,2";
				VALIDATE_PRODUCT = YES;
			};
			name = Release;
		};
		28CB166B1EC2F6670066A0D9 /* Debug */ = {
			isa = XCBuildConfiguration;
			buildSettings = {
				ALWAYS_EMBED_SWIFT_STANDARD_LIBRARIES = YES;
				ASSETCATALOG_COMPILER_APPICON_NAME = AppIcon;
				DEVELOPMENT_TEAM = 5QYLX323BC;
				INFOPLIST_FILE = "manyLists pset05/Info.plist";
				LD_RUNPATH_SEARCH_PATHS = "$(inherited) @executable_path/Frameworks";
				PRODUCT_BUNDLE_IDENTIFIER = "nl.mprog.manyLists-pset05";
				PRODUCT_NAME = "$(TARGET_NAME)";
				SWIFT_VERSION = 3.0;
			};
			name = Debug;
		};
		28CB166C1EC2F6670066A0D9 /* Release */ = {
			isa = XCBuildConfiguration;
			buildSettings = {
				ALWAYS_EMBED_SWIFT_STANDARD_LIBRARIES = YES;
				ASSETCATALOG_COMPILER_APPICON_NAME = AppIcon;
				DEVELOPMENT_TEAM = 5QYLX323BC;
				INFOPLIST_FILE = "manyLists pset05/Info.plist";
				LD_RUNPATH_SEARCH_PATHS = "$(inherited) @executable_path/Frameworks";
				PRODUCT_BUNDLE_IDENTIFIER = "nl.mprog.manyLists-pset05";
				PRODUCT_NAME = "$(TARGET_NAME)";
				SWIFT_VERSION = 3.0;
			};
			name = Release;
		};
/* End XCBuildConfiguration section */

/* Begin XCConfigurationList section */
		28CB16531EC2F6670066A0D9 /* Build configuration list for PBXProject "manyLists pset05" */ = {
			isa = XCConfigurationList;
			buildConfigurations = (
				28CB16681EC2F6670066A0D9 /* Debug */,
				28CB16691EC2F6670066A0D9 /* Release */,
			);
			defaultConfigurationIsVisible = 0;
			defaultConfigurationName = Release;
		};
		28CB166A1EC2F6670066A0D9 /* Build configuration list for PBXNativeTarget "manyLists pset05" */ = {
			isa = XCConfigurationList;
			buildConfigurations = (
				28CB166B1EC2F6670066A0D9 /* Debug */,
				28CB166C1EC2F6670066A0D9 /* Release */,
			);
			defaultConfigurationIsVisible = 0;
			defaultConfigurationName = Release;
		};
/* End XCConfigurationList section */
	};
	rootObject = 28CB16501EC2F6670066A0D9 /* Project object */;
}
